{
  "name": "trebuchet",
  "version": "1.1.0",
  "lockfileVersion": 1,
  "requires": true,
  "dependencies": {
    "abbrev": {
      "version": "1.1.1",
      "resolved": "https://registry.npmjs.org/abbrev/-/abbrev-1.1.1.tgz",
      "integrity": "sha512-nne9/IiQ/hzIhY6pdDnbBtz7DjPTKrY00P/zvPSm5pOFkl6xuGrGnXn/VtTNNfNtAfZ9/1RtehkszU9qcTii0Q==",
      "dev": true
    },
    "ajv": {
      "version": "6.12.6",
      "resolved": "https://registry.npmjs.org/ajv/-/ajv-6.12.6.tgz",
      "integrity": "sha512-j3fVLgvTo527anyYyJOGTYJbG+vnnQYvE0m5mmkc1TK+nxAppkCLMIL0aZ4dblVCNoGShhm+kzE4ZUykBoMg4g==",
      "requires": {
        "fast-deep-equal": "^3.1.1",
        "fast-json-stable-stringify": "^2.0.0",
        "json-schema-traverse": "^0.4.1",
        "uri-js": "^4.2.2"
      }
    },
    "ansi-colors": {
      "version": "4.1.3",
      "resolved": "https://registry.npmjs.org/ansi-colors/-/ansi-colors-4.1.3.tgz",
      "integrity": "sha512-/6w/C21Pm1A7aZitlI5Ni/2J6FFQN8i1Cvz3kHABAAbw93v/NlvKdVOqz7CCWz/3iv/JplRSEEZ83XION15ovw=="
    },
    "asn1": {
      "version": "0.2.6",
      "resolved": "https://registry.npmjs.org/asn1/-/asn1-0.2.6.tgz",
      "integrity": "sha512-ix/FxPn0MDjeyJ7i/yoHGFt/EX6LyNbxSEhPPXODPL+KB0VPk86UYfL0lMdy+KCnv+fmvIzySwaK5COwqVbWTQ==",
      "requires": {
        "safer-buffer": "~2.1.0"
      }
    },
    "assert-plus": {
      "version": "1.0.0",
      "resolved": "https://registry.npmjs.org/assert-plus/-/assert-plus-1.0.0.tgz",
      "integrity": "sha512-NfJ4UzBCcQGLDlQq7nHxH+tv3kyZ0hHQqF5BO6J7tNJeP5do1llPr8dZ8zHonfhAu0PHAdMkSo+8o0wxg9lZWw=="
    },
    "asynckit": {
      "version": "0.4.0",
      "resolved": "https://registry.npmjs.org/asynckit/-/asynckit-0.4.0.tgz",
      "integrity": "sha512-Oei9OH4tRh0YqU3GxhX79dM/mwVgvbZJaSNaRk+bshkj0S5cfHcgYakreBjrHwatXKbz+IoIdYLxrKim2MjW0Q=="
    },
    "aws-sign2": {
      "version": "0.7.0",
      "resolved": "https://registry.npmjs.org/aws-sign2/-/aws-sign2-0.7.0.tgz",
      "integrity": "sha512-08kcGqnYf/YmjoRhfxyu+CLxBjUtHLXLXX/vUfx9l2LYzG3c1m61nrpyFUZI6zeS+Li/wWMMidD9KgrqtGq3mA=="
    },
    "aws4": {
      "version": "1.11.0",
      "resolved": "https://registry.npmjs.org/aws4/-/aws4-1.11.0.tgz",
      "integrity": "sha512-xh1Rl34h6Fi1DC2WWKfxUTVqRsNnr6LsKz2+hfwDxQJWmrx8+c7ylaqBMcHfl1U1r2dsifOvKX3LQuLNZ+XSvA=="
    },
    "balanced-match": {
      "version": "1.0.2",
      "resolved": "https://registry.npmjs.org/balanced-match/-/balanced-match-1.0.2.tgz",
      "integrity": "sha512-3oSeUO0TMV67hN1AmbXsK4yaqU7tjiHlbxRDZOpH0KW9+CeX4bRAaX0Anxt0tx2MrpRpWwQaPwIlISEJhYU5Pw==",
      "dev": true
    },
    "bcrypt-pbkdf": {
      "version": "1.0.2",
      "resolved": "https://registry.npmjs.org/bcrypt-pbkdf/-/bcrypt-pbkdf-1.0.2.tgz",
      "integrity": "sha512-qeFIXtP4MSoi6NLqO12WfqARWWuCKi2Rn/9hJLEmtB5yTNr9DqFWkJRCf2qShWzPeAMRnOgCrq0sg/KLv5ES9w==",
      "requires": {
        "tweetnacl": "^0.14.3"
      }
    },
    "boolbase": {
      "version": "1.0.0",
      "resolved": "https://registry.npmjs.org/boolbase/-/boolbase-1.0.0.tgz",
      "integrity": "sha512-JZOSA7Mo9sNGB8+UjSgzdLtokWAky1zbztM3WRLCbZ70/3cTANmQmOdR7y2g+J0e2WXywy1yS468tY+IruqEww=="
    },
    "brace-expansion": {
      "version": "1.1.11",
      "resolved": "https://registry.npmjs.org/brace-expansion/-/brace-expansion-1.1.11.tgz",
      "integrity": "sha512-iCuPHDFgrHX7H2vEI/5xpz07zSHB00TpugqhmYtVmMO6518mCuRMoOYFldEBl0g187ufozdaHgWKcYFb61qGiA==",
      "dev": true,
      "requires": {
        "balanced-match": "^1.0.0",
        "concat-map": "0.0.1"
      }
    },
    "buffer-equal": {
      "version": "0.0.2",
      "resolved": "https://registry.npmjs.org/buffer-equal/-/buffer-equal-0.0.2.tgz",
      "integrity": "sha512-4hr0gS7+NK47X6WbA/okVFrN5qGh3WLT7N3hMRv7+hlkXnbUIdU2u05n6r0RQv6cq6xke06nVl70r0NW0WM2OQ==",
      "dev": true
    },
    "bunker": {
      "version": "0.1.2",
      "resolved": "https://registry.npmjs.org/bunker/-/bunker-0.1.2.tgz",
      "integrity": "sha512-YnahkcXBNT522S46k5LUA9P18lzvgkunbMl0qIJQ8oeRMQ+dAg3YI3k32q5TnO+AAUErFHO6R768To6jslgYmQ==",
      "dev": true,
      "requires": {
        "burrito": ">=0.2.5 <0.3"
      }
    },
    "burrito": {
      "version": "0.2.12",
      "resolved": "https://registry.npmjs.org/burrito/-/burrito-0.2.12.tgz",
      "integrity": "sha512-ZhhT5iVTAgzQ+s8rily7m45Swxe/cU3dVCHTzqmHVWD/cc0Ds3W4Q4MExbkevY+fm0Me3lEwpehIy6TH7p+ehw==",
      "dev": true,
      "requires": {
        "traverse": "~0.5.1",
        "uglify-js": "~1.1.1"
      },
      "dependencies": {
        "traverse": {
          "version": "0.5.2",
          "resolved": "https://registry.npmjs.org/traverse/-/traverse-0.5.2.tgz",
          "integrity": "sha512-PUBVcfB3RqgLpzgTRGNiqK4duqrDbgGa1bobbUtzUwLiBNAjZ7vd5eCOdBxqZ/Fgezagr9o69IxP2fZp41RGFA==",
          "dev": true
        }
      }
    },
    "call-bind": {
      "version": "1.0.2",
      "resolved": "https://registry.npmjs.org/call-bind/-/call-bind-1.0.2.tgz",
      "integrity": "sha512-7O+FbCihrB5WGbFYesctwmTKae6rOiIzmz1icreWJ+0aA7LJfuqhEso2T9ncpcFtzMQtzXf2QGGueWJGTYsqrA==",
      "dev": true,
      "requires": {
        "function-bind": "^1.1.1",
        "get-intrinsic": "^1.0.2"
      }
    },
    "caseless": {
      "version": "0.12.0",
      "resolved": "https://registry.npmjs.org/caseless/-/caseless-0.12.0.tgz",
      "integrity": "sha512-4tYFyifaFfGacoiObjJegolkwSU4xQNGbVgUiNYVUxbQ2x2lUsFvY4hVgVzGiIe6WLOPqycWXA40l+PWsxthUw=="
    },
    "charm": {
      "version": "0.1.2",
      "resolved": "https://registry.npmjs.org/charm/-/charm-0.1.2.tgz",
      "integrity": "sha512-syedaZ9cPe7r3hoQA9twWYKu5AIyCswN5+szkmPBe9ccdLrj4bYaCnLVPTLd2kgVRc7+zoX4tyPgRnFKCj5YjQ==",
      "dev": true
    },
    "cheerio": {
      "version": "1.0.0-rc.12",
      "resolved": "https://registry.npmjs.org/cheerio/-/cheerio-1.0.0-rc.12.tgz",
      "integrity": "sha512-VqR8m68vM46BNnuZ5NtnGBKIE/DfN0cRIzg9n40EIq9NOv90ayxLBXA8fXC5gquFRGJSTRqBq25Jt2ECLR431Q==",
      "requires": {
        "cheerio-select": "^2.1.0",
        "dom-serializer": "^2.0.0",
        "domhandler": "^5.0.3",
        "domutils": "^3.0.1",
        "htmlparser2": "^8.0.1",
        "parse5": "^7.0.0",
        "parse5-htmlparser2-tree-adapter": "^7.0.0"
      }
    },
    "cheerio-select": {
      "version": "2.1.0",
      "resolved": "https://registry.npmjs.org/cheerio-select/-/cheerio-select-2.1.0.tgz",
      "integrity": "sha512-9v9kG0LvzrlcungtnJtpGNxY+fzECQKhK4EGJX2vByejiMX84MFNQw4UxPJl3bFbTMw+Dfs37XaIkCwTZfLh4g==",
      "requires": {
        "boolbase": "^1.0.0",
        "css-select": "^5.1.0",
        "css-what": "^6.1.0",
        "domelementtype": "^2.3.0",
        "domhandler": "^5.0.3",
        "domutils": "^3.0.1"
      }
    },
    "codebux": {
      "version": "0.1.2",
      "resolved": "https://registry.npmjs.org/codebux/-/codebux-0.1.2.tgz",
      "integrity": "sha512-r211tdNQSHtHeis/KpRp1LemdC4K0Z2o6g+CT8tzvA8k1hN3wy72fLADn6zJXktS5ummV8q3eXJp32SZ9zqlKg==",
      "dev": true,
      "requires": {
        "commondir": "~0.0.1",
        "detective": "~0.2.0",
        "falafel": "~0.1.1",
        "resolve": "~0.2.2",
        "syntax-error": "~0.0.0"
      }
    },
    "combined-stream": {
      "version": "1.0.8",
      "resolved": "https://registry.npmjs.org/combined-stream/-/combined-stream-1.0.8.tgz",
      "integrity": "sha512-FQN4MRfuJeHf7cBbBMJFXhKSDq+2kAArBlmRBvcvFE5BB1HZKXtSFASDhdlz9zOYwxh8lDdnvmMOe/+5cdoEdg==",
      "requires": {
        "delayed-stream": "~1.0.0"
      }
    },
    "commander": {
      "version": "6.2.1",
      "resolved": "https://registry.npmjs.org/commander/-/commander-6.2.1.tgz",
      "integrity": "sha512-U7VdrJFnJgo4xjrHpTzu0yrHPGImdsmD95ZlgYSEajAn2JKzDhDTPG9kBTefmObL2w/ngeZnilk+OV9CG3d7UA=="
    },
    "commondir": {
      "version": "0.0.2",
      "resolved": "https://registry.npmjs.org/commondir/-/commondir-0.0.2.tgz",
      "integrity": "sha512-s4oS0jIUZ1t1LJCN7MI2cEDEd25cCSEW0vluKuDEsYcR0KGIiX7HmTtPMbxqGlaqGaihsGlmko1P3vNWzV7cOg==",
      "dev": true
    },
    "concat-map": {
      "version": "0.0.1",
      "resolved": "https://registry.npmjs.org/concat-map/-/concat-map-0.0.1.tgz",
      "integrity": "sha512-/Srv4dswyQNBfohGpz9o6Yb3Gz3SrUDqBH5rTuhGR7ahtlbYKnVxw2bCFMRljaA7EXHaXZ8wsHdodFvbkhKmqg==",
      "dev": true
    },
    "core-util-is": {
      "version": "1.0.2",
      "resolved": "https://registry.npmjs.org/core-util-is/-/core-util-is-1.0.2.tgz",
      "integrity": "sha512-3lqz5YjWTYnW6dlDa5TLaTCcShfar1e40rmcJVwCBJC6mWlFuj0eCHIElmG1g5kyuJ/GD+8Wn4FFCcz4gJPfaQ=="
    },
    "css-select": {
      "version": "5.1.0",
      "resolved": "https://registry.npmjs.org/css-select/-/css-select-5.1.0.tgz",
      "integrity": "sha512-nwoRF1rvRRnnCqqY7updORDsuqKzqYJ28+oSMaJMMgOauh3fvwHqMS7EZpIPqK8GL+g9mKxF1vP/ZjSeNjEVHg==",
      "requires": {
        "boolbase": "^1.0.0",
        "css-what": "^6.1.0",
        "domhandler": "^5.0.2",
        "domutils": "^3.0.1",
        "nth-check": "^2.0.1"
      }
    },
    "css-what": {
      "version": "6.1.0",
      "resolved": "https://registry.npmjs.org/css-what/-/css-what-6.1.0.tgz",
      "integrity": "sha512-HTUrgRJ7r4dsZKU6GjmpfRK1O76h97Z8MfS1G0FozR+oF2kG6Vfe8JE6zwrkbxigziPHinCJ+gCPjA9EaBDtRw=="
    },
    "dashdash": {
      "version": "1.14.1",
      "resolved": "https://registry.npmjs.org/dashdash/-/dashdash-1.14.1.tgz",
      "integrity": "sha512-jRFi8UDGo6j+odZiEpjazZaWqEal3w/basFjQHQEwVtZJGDpxbH1MeYluwCS8Xq5wmLJooDlMgvVarmWfGM44g==",
      "requires": {
        "assert-plus": "^1.0.0"
      }
    },
    "deep-equal": {
      "version": "1.1.1",
      "resolved": "https://registry.npmjs.org/deep-equal/-/deep-equal-1.1.1.tgz",
      "integrity": "sha512-yd9c5AdiqVcR+JjcwUQb9DkhJc8ngNr0MahEBGvDiJw8puWab2yZlh+nkasOnZP+EGTAP6rRp2JzJhJZzvNF8g==",
      "dev": true,
      "requires": {
        "is-arguments": "^1.0.4",
        "is-date-object": "^1.0.1",
        "is-regex": "^1.0.4",
        "object-is": "^1.0.1",
        "object-keys": "^1.1.1",
        "regexp.prototype.flags": "^1.2.0"
      }
    },
    "deep-is": {
      "version": "0.1.4",
      "resolved": "https://registry.npmjs.org/deep-is/-/deep-is-0.1.4.tgz",
      "integrity": "sha512-oIPzksmTg4/MriiaYGO+okXDT7ztn/w3Eptv/+gSIdMdKsJo0u4CfYNFJPy+4SKMuCqGw2wxnA+URMg3t8a/bQ==",
      "dev": true
    },
    "define-properties": {
      "version": "1.1.4",
      "resolved": "https://registry.npmjs.org/define-properties/-/define-properties-1.1.4.tgz",
      "integrity": "sha512-uckOqKcfaVvtBdsVkdPv3XjveQJsNQqmhXgRi8uhvWWuPYZCNlzT8qAyblUgNoXdHdjMTzAqeGjAoli8f+bzPA==",
      "dev": true,
      "requires": {
        "has-property-descriptors": "^1.0.0",
        "object-keys": "^1.1.1"
      }
    },
    "delayed-stream": {
      "version": "1.0.0",
      "resolved": "https://registry.npmjs.org/delayed-stream/-/delayed-stream-1.0.0.tgz",
      "integrity": "sha512-ZySD7Nf91aLB0RxL4KGrKHBXl7Eds1DAmEdcoVawXnLD7SDhpNgtuII2aAkg7a7QS41jxPSZ17p4VdGnMHk3MQ=="
    },
    "detective": {
      "version": "0.2.1",
      "resolved": "https://registry.npmjs.org/detective/-/detective-0.2.1.tgz",
      "integrity": "sha512-7cCClwJIvG68QWK9RofULFBE30Hhuo4ZnlslT/G4d3iIhbC7IsSJB8tRR483Ag/ILWykmZIGSFmDxI4T53mMtA==",
      "dev": true,
      "requires": {
        "esprima": "~0.9.9"
      }
    },
    "difflet": {
      "version": "0.2.6",
      "resolved": "https://registry.npmjs.org/difflet/-/difflet-0.2.6.tgz",
      "integrity": "sha512-ruldDDRmY1t678UOAJBng6sL77f62SqjHj0498YC0EJhxIe2yKkqJn2qEchwG3eU/dqJ/RxPZkAnYjePS4pDCw==",
      "dev": true,
      "requires": {
        "charm": "0.1.x",
        "deep-is": "0.1.x",
        "traverse": "0.6.x"
      }
    },
    "dom-serializer": {
      "version": "2.0.0",
      "resolved": "https://registry.npmjs.org/dom-serializer/-/dom-serializer-2.0.0.tgz",
      "integrity": "sha512-wIkAryiqt/nV5EQKqQpo3SToSOV9J0DnbJqwK7Wv/Trc92zIAYZ4FlMu+JPFW1DfGFt81ZTCGgDEabffXeLyJg==",
      "requires": {
        "domelementtype": "^2.3.0",
        "domhandler": "^5.0.2",
        "entities": "^4.2.0"
      }
    },
    "domelementtype": {
      "version": "2.3.0",
      "resolved": "https://registry.npmjs.org/domelementtype/-/domelementtype-2.3.0.tgz",
      "integrity": "sha512-OLETBj6w0OsagBwdXnPdN0cnMfF9opN69co+7ZrbfPGrdpPVNBUj02spi6B1N7wChLQiPn4CSH/zJvXw56gmHw=="
    },
    "domhandler": {
      "version": "5.0.3",
      "resolved": "https://registry.npmjs.org/domhandler/-/domhandler-5.0.3.tgz",
      "integrity": "sha512-cgwlv/1iFQiFnU96XXgROh8xTeetsnJiDsTc7TYCLFd9+/WNkIqPTxiM/8pSd8VIrhXGTf1Ny1q1hquVqDJB5w==",
      "requires": {
        "domelementtype": "^2.3.0"
      }
    },
    "domutils": {
      "version": "3.0.1",
      "resolved": "https://registry.npmjs.org/domutils/-/domutils-3.0.1.tgz",
      "integrity": "sha512-z08c1l761iKhDFtfXO04C7kTdPBLi41zwOZl00WS8b5eiaebNpY00HKbztwBq+e3vyqWNwWF3mP9YLUeqIrF+Q==",
      "requires": {
        "dom-serializer": "^2.0.0",
        "domelementtype": "^2.3.0",
        "domhandler": "^5.0.1"
      }
    },
    "ecc-jsbn": {
      "version": "0.1.2",
      "resolved": "https://registry.npmjs.org/ecc-jsbn/-/ecc-jsbn-0.1.2.tgz",
      "integrity": "sha512-eh9O+hwRHNbG4BLTjEl3nw044CkGm5X6LoaCf7LPp7UU8Qrt47JYNi6nPX8xjW97TKGKm1ouctg0QSpZe9qrnw==",
      "requires": {
        "jsbn": "~0.1.0",
        "safer-buffer": "^2.1.0"
      }
    },
    "entities": {
      "version": "4.3.1",
      "resolved": "https://registry.npmjs.org/entities/-/entities-4.3.1.tgz",
      "integrity": "sha512-o4q/dYJlmyjP2zfnaWDUC6A3BQFmVTX+tZPezK7k0GLSU9QYCauscf5Y+qcEPzKL+EixVouYDgLQK5H9GrLpkg=="
    },
    "escape-goat": {
      "version": "3.0.0",
      "resolved": "https://registry.npmjs.org/escape-goat/-/escape-goat-3.0.0.tgz",
      "integrity": "sha512-w3PwNZJwRxlp47QGzhuEBldEqVHHhh8/tIPcl6ecf2Bou99cdAt0knihBV0Ecc7CGxYduXVBDheH1K2oADRlvw=="
    },
    "esprima": {
      "version": "0.9.9",
      "resolved": "https://registry.npmjs.org/esprima/-/esprima-0.9.9.tgz",
      "integrity": "sha512-uTFHqyoMus4csxVp8FSqPajg59VwNt0PshVERqiIjPed6L9IG0pYz/zbhZ2HFFvn8AKzduipZP6mFxr3dr18ag==",
      "dev": true
    },
    "extend": {
      "version": "3.0.2",
      "resolved": "https://registry.npmjs.org/extend/-/extend-3.0.2.tgz",
      "integrity": "sha512-fjquC59cD7CyW6urNXK0FBufkZcoiGG80wTuPujX590cB5Ttln20E2UB4S/WARVqhXffZl2LNgS+gQdPIIim/g=="
    },
    "extsprintf": {
      "version": "1.3.0",
      "resolved": "https://registry.npmjs.org/extsprintf/-/extsprintf-1.3.0.tgz",
      "integrity": "sha512-11Ndz7Nv+mvAC1j0ktTa7fAb0vLyGGX+rMHNBYQviQDGU0Hw7lhctJANqbPhu9nV9/izT/IntTgZ7Im/9LJs9g=="
    },
    "falafel": {
      "version": "0.1.6",
      "resolved": "https://registry.npmjs.org/falafel/-/falafel-0.1.6.tgz",
      "integrity": "sha512-r1s3VwKzm6PB35MZmnfZoF6NTgSKRxf8How2lBsrDq81OsYXb/2fR8ysfURHCTlFpqJDQVA88iB70wFrFRYDsA==",
      "dev": true,
      "requires": {
        "esprima": "~1.0.2"
      },
      "dependencies": {
        "esprima": {
          "version": "1.0.4",
          "resolved": "https://registry.npmjs.org/esprima/-/esprima-1.0.4.tgz",
          "integrity": "sha512-rp5dMKN8zEs9dfi9g0X1ClLmV//WRyk/R15mppFNICIFRG5P92VP7Z04p8pk++gABo9W2tY+kHyu6P1mEHgmTA==",
          "dev": true
        }
      }
    },
    "fast-deep-equal": {
      "version": "3.1.3",
      "resolved": "https://registry.npmjs.org/fast-deep-equal/-/fast-deep-equal-3.1.3.tgz",
      "integrity": "sha512-f3qQ9oQy9j2AhBe/H9VC91wLmKBCCU/gDOnKNAYG5hswO7BLKj09Hc5HYNz9cGI++xlpDCIgDaitVs03ATR84Q=="
    },
    "fast-json-stable-stringify": {
      "version": "2.1.0",
      "resolved": "https://registry.npmjs.org/fast-json-stable-stringify/-/fast-json-stable-stringify-2.1.0.tgz",
      "integrity": "sha512-lhd/wF+Lk98HZoTCtlVraHtfh5XYijIjalXck7saUtuanSDyLMxnHhSXEDJqHxD7msR8D0uCmqlkwjCV8xvwHw=="
    },
    "forever-agent": {
      "version": "0.6.1",
      "resolved": "https://registry.npmjs.org/forever-agent/-/forever-agent-0.6.1.tgz",
      "integrity": "sha512-j0KLYPhm6zeac4lz3oJ3o65qvgQCcPubiyotZrXqEaG4hNagNYO8qdlUrX5vwqv9ohqeT/Z3j6+yW067yWWdUw=="
    },
    "form-data": {
      "version": "2.3.3",
      "resolved": "https://registry.npmjs.org/form-data/-/form-data-2.3.3.tgz",
      "integrity": "sha512-1lLKB2Mu3aGP1Q/2eCOx0fNbRMe7XdwktwOruhfqqd0rIJWwN4Dh+E3hrPSlDCXnSR7UtZ1N38rVXm+6+MEhJQ==",
      "requires": {
        "asynckit": "^0.4.0",
        "combined-stream": "^1.0.6",
        "mime-types": "^2.1.12"
      }
    },
    "function-bind": {
      "version": "1.1.1",
      "resolved": "https://registry.npmjs.org/function-bind/-/function-bind-1.1.1.tgz",
      "integrity": "sha512-yIovAzMX49sF8Yl58fSCWJ5svSLuaibPxXQJFLmBObTuCr0Mf1KiPopGM9NiFjiYBCbfaa2Fh6breQ6ANVTI0A==",
      "dev": true
    },
    "functions-have-names": {
      "version": "1.2.3",
      "resolved": "https://registry.npmjs.org/functions-have-names/-/functions-have-names-1.2.3.tgz",
      "integrity": "sha512-xckBUXyTIqT97tq2x2AMb+g163b5JFysYk0x4qxNFwbfQkmNZoiRHb6sPzI9/QV33WeuvVYBUIiD4NzNIyqaRQ==",
      "dev": true
    },
    "get-intrinsic": {
      "version": "1.1.2",
      "resolved": "https://registry.npmjs.org/get-intrinsic/-/get-intrinsic-1.1.2.tgz",
      "integrity": "sha512-Jfm3OyCxHh9DJyc28qGk+JmfkpO41A4XkneDSujN9MDXrm4oDKdHvndhZ2dN94+ERNfkYJWDclW6k2L/ZGHjXA==",
      "dev": true,
      "requires": {
        "function-bind": "^1.1.1",
        "has": "^1.0.3",
        "has-symbols": "^1.0.3"
      }
    },
    "getpass": {
      "version": "0.1.7",
      "resolved": "https://registry.npmjs.org/getpass/-/getpass-0.1.7.tgz",
      "integrity": "sha512-0fzj9JxOLfJ+XGLhR8ze3unN0KZCgZwiSSDz168VERjK8Wl8kVSdcu2kspd4s4wtAa1y/qrVRiAA0WclVsu0ng==",
      "requires": {
        "assert-plus": "^1.0.0"
      }
    },
    "glob": {
      "version": "4.5.3",
      "resolved": "https://registry.npmjs.org/glob/-/glob-4.5.3.tgz",
      "integrity": "sha512-I0rTWUKSZKxPSIAIaqhSXTM/DiII6wame+rEC3cFA5Lqmr9YmdL7z6Hj9+bdWtTvoY1Su4/OiMLmb37Y7JzvJQ==",
      "dev": true,
      "requires": {
        "inflight": "^1.0.4",
        "inherits": "2",
        "minimatch": "^2.0.1",
        "once": "^1.3.0"
      }
    },
    "har-schema": {
      "version": "2.0.0",
      "resolved": "https://registry.npmjs.org/har-schema/-/har-schema-2.0.0.tgz",
      "integrity": "sha512-Oqluz6zhGX8cyRaTQlFMPw80bSJVG2x/cFb8ZPhUILGgHka9SsokCCOQgpveePerqidZOrT14ipqfJb7ILcW5Q=="
    },
    "har-validator": {
      "version": "5.1.5",
      "resolved": "https://registry.npmjs.org/har-validator/-/har-validator-5.1.5.tgz",
      "integrity": "sha512-nmT2T0lljbxdQZfspsno9hgrG3Uir6Ks5afism62poxqBM6sDnMEuPmzTq8XN0OEwqKLLdh1jQI3qyE66Nzb3w==",
      "requires": {
        "ajv": "^6.12.3",
        "har-schema": "^2.0.0"
      }
    },
    "has": {
      "version": "1.0.3",
      "resolved": "https://registry.npmjs.org/has/-/has-1.0.3.tgz",
      "integrity": "sha512-f2dvO0VU6Oej7RkWJGrehjbzMAjFp5/VKPp5tTpWIV4JHHZK1/BxbFRtf/siA2SWTe09caDmVtYYzWEIbBS4zw==",
      "dev": true,
      "requires": {
        "function-bind": "^1.1.1"
      }
    },
    "has-property-descriptors": {
      "version": "1.0.0",
      "resolved": "https://registry.npmjs.org/has-property-descriptors/-/has-property-descriptors-1.0.0.tgz",
      "integrity": "sha512-62DVLZGoiEBDHQyqG4w9xCuZ7eJEwNmJRWw2VY84Oedb7WFcA27fiEVe8oUQx9hAUJ4ekurquucTGwsyO1XGdQ==",
      "dev": true,
      "requires": {
        "get-intrinsic": "^1.1.1"
      }
    },
    "has-symbols": {
      "version": "1.0.3",
      "resolved": "https://registry.npmjs.org/has-symbols/-/has-symbols-1.0.3.tgz",
      "integrity": "sha512-l3LCuF6MgDNwTDKkdYGEihYjt5pRPbEg46rtlmnSPlUbgmB8LOIrKJbYYFBSbnPaJexMKtiPO8hmeRjRz2Td+A==",
      "dev": true
    },
    "has-tostringtag": {
      "version": "1.0.0",
      "resolved": "https://registry.npmjs.org/has-tostringtag/-/has-tostringtag-1.0.0.tgz",
      "integrity": "sha512-kFjcSNhnlGV1kyoGk7OXKSawH5JOb/LzUc5w9B02hOTO0dfFRjbHQKvg1d6cf3HbeUmtU9VbbV3qzZ2Teh97WQ==",
      "dev": true,
      "requires": {
        "has-symbols": "^1.0.2"
      }
    },
    "htmlparser2": {
      "version": "8.0.1",
      "resolved": "https://registry.npmjs.org/htmlparser2/-/htmlparser2-8.0.1.tgz",
      "integrity": "sha512-4lVbmc1diZC7GUJQtRQ5yBAeUCL1exyMwmForWkRLnwyzWBFxN633SALPMGYaWZvKe9j1pRZJpauvmxENSp/EA==",
      "requires": {
        "domelementtype": "^2.3.0",
        "domhandler": "^5.0.2",
        "domutils": "^3.0.1",
        "entities": "^4.3.0"
      }
    },
    "http-signature": {
      "version": "1.2.0",
      "resolved": "https://registry.npmjs.org/http-signature/-/http-signature-1.2.0.tgz",
      "integrity": "sha512-CAbnr6Rz4CYQkLYUtSNXxQPUH2gK8f3iWexVlsnMeD+GjlsQ0Xsy1cOX+mN3dtxYomRy21CiOzU8Uhw6OwncEQ==",
      "requires": {
        "assert-plus": "^1.0.0",
        "jsprim": "^1.2.2",
        "sshpk": "^1.7.0"
      }
    },
    "inflight": {
      "version": "1.0.6",
      "resolved": "https://registry.npmjs.org/inflight/-/inflight-1.0.6.tgz",
      "integrity": "sha512-k92I/b08q4wvFscXCLvqfsHCrjrF7yiXsQuIVvVE7N82W3+aqpzuUdBbfhWcy/FZR3/4IgflMgKLOsvPDrGCJA==",
      "dev": true,
      "requires": {
        "once": "^1.3.0",
        "wrappy": "1"
      }
    },
    "inherits": {
      "version": "2.0.4",
      "resolved": "https://registry.npmjs.org/inherits/-/inherits-2.0.4.tgz",
      "integrity": "sha512-k/vGaX4/Yla3WzyMCvTQOXYeIHvqOKtnqBduzTHpzpQZzAskKMhZ2K+EnBiSM9zGSoIFeMpXKxa4dYeZIQqewQ==",
      "dev": true
    },
    "is-arguments": {
      "version": "1.1.1",
      "resolved": "https://registry.npmjs.org/is-arguments/-/is-arguments-1.1.1.tgz",
      "integrity": "sha512-8Q7EARjzEnKpt/PCD7e1cgUS0a6X8u5tdSiMqXhojOdoV9TsMsiO+9VLC5vAmO8N7/GmXn7yjR8qnA6bVAEzfA==",
      "dev": true,
      "requires": {
        "call-bind": "^1.0.2",
        "has-tostringtag": "^1.0.0"
      }
    },
    "is-date-object": {
      "version": "1.0.5",
      "resolved": "https://registry.npmjs.org/is-date-object/-/is-date-object-1.0.5.tgz",
      "integrity": "sha512-9YQaSxsAiSwcvS33MBk3wTCVnWK+HhF8VZR2jRxehM16QcVOdHqPn4VPHmRK4lSr38n9JriurInLcP90xsYNfQ==",
      "dev": true,
      "requires": {
        "has-tostringtag": "^1.0.0"
      }
    },
    "is-regex": {
      "version": "1.1.4",
      "resolved": "https://registry.npmjs.org/is-regex/-/is-regex-1.1.4.tgz",
      "integrity": "sha512-kvRdxDsxZjhzUX07ZnLydzS1TU/TJlTUHHY4YLL87e37oUA49DfkLqgy+VjFocowy29cKvcSiu+kIv728jTTVg==",
      "dev": true,
      "requires": {
        "call-bind": "^1.0.2",
        "has-tostringtag": "^1.0.0"
      }
    },
    "is-typedarray": {
      "version": "1.0.0",
      "resolved": "https://registry.npmjs.org/is-typedarray/-/is-typedarray-1.0.0.tgz",
      "integrity": "sha512-cyA56iCMHAh5CdzjJIa4aohJyeO1YbwLi3Jc35MmRU6poroFjIGZzUzupGiRPOjgHg9TLu43xbpwXk523fMxKA=="
    },
    "isstream": {
      "version": "0.1.2",
      "resolved": "https://registry.npmjs.org/isstream/-/isstream-0.1.2.tgz",
      "integrity": "sha512-Yljz7ffyPbrLpLngrMtZ7NduUgVvi6wG9RJ9IUcyCd59YQ911PBJphODUcbOVbqYfxe1wuYf/LJ8PauMRwsM/g=="
    },
    "jsbn": {
      "version": "0.1.1",
      "resolved": "https://registry.npmjs.org/jsbn/-/jsbn-0.1.1.tgz",
      "integrity": "sha512-UVU9dibq2JcFWxQPA6KCqj5O42VOmAY3zQUfEKxU0KpTGXwNoCjkX1e13eHNvw/xPynt6pU0rZ1htjWTNTSXsg=="
    },
    "json-schema": {
      "version": "0.4.0",
      "resolved": "https://registry.npmjs.org/json-schema/-/json-schema-0.4.0.tgz",
      "integrity": "sha512-es94M3nTIfsEPisRafak+HDLfHXnKBhV3vU5eqPcS3flIWqcxJWgXHXiey3YrpaNsanY5ei1VoYEbOzijuq9BA=="
    },
    "json-schema-traverse": {
      "version": "0.4.1",
      "resolved": "https://registry.npmjs.org/json-schema-traverse/-/json-schema-traverse-0.4.1.tgz",
      "integrity": "sha512-xbbCH5dCYU5T8LcEhhuh7HJ88HXuW3qsI3Y0zOZFKfZEHcpWiHU/Jxzk629Brsab/mMiHQti9wMP+845RPe3Vg=="
    },
    "json-stringify-safe": {
      "version": "5.0.1",
      "resolved": "https://registry.npmjs.org/json-stringify-safe/-/json-stringify-safe-5.0.1.tgz",
      "integrity": "sha512-ZClg6AaYvamvYEE82d3Iyd3vSSIjQ+odgjaTzRuO3s7toCdFKczob2i0zCh7JE8kWn17yvAWhUVxvqGwUalsRA=="
    },
    "jsprim": {
      "version": "1.4.2",
      "resolved": "https://registry.npmjs.org/jsprim/-/jsprim-1.4.2.tgz",
      "integrity": "sha512-P2bSOMAc/ciLz6DzgjVlGJP9+BrJWu5UDGK70C2iweC5QBIeFf0ZXRvGjEj2uYgrY2MkAAhsSWHDWlFtEroZWw==",
      "requires": {
        "assert-plus": "1.0.0",
        "extsprintf": "1.3.0",
        "json-schema": "0.4.0",
        "verror": "1.10.0"
      }
    },
    "juice": {
      "version": "8.0.0",
      "resolved": "https://registry.npmjs.org/juice/-/juice-8.0.0.tgz",
      "integrity": "sha512-LRCfXBOqI1wt+zYR/5xwDnf+ZyiJiDt44DGZaBSAVwZWyWv3BliaiGTLS6KCvadv3uw6XGiPPFcTfY7CdF7Z/Q==",
      "requires": {
        "cheerio": "^1.0.0-rc.3",
        "commander": "^6.1.0",
        "mensch": "^0.3.4",
        "slick": "^1.12.2",
        "web-resource-inliner": "^5.0.0"
      }
    },
    "mensch": {
      "version": "0.3.4",
      "resolved": "https://registry.npmjs.org/mensch/-/mensch-0.3.4.tgz",
      "integrity": "sha512-IAeFvcOnV9V0Yk+bFhYR07O3yNina9ANIN5MoXBKYJ/RLYPurd2d0yw14MDhpr9/momp0WofT1bPUh3hkzdi/g=="
    },
    "mime": {
      "version": "2.6.0",
      "resolved": "https://registry.npmjs.org/mime/-/mime-2.6.0.tgz",
      "integrity": "sha512-USPkMeET31rOMiarsBNIHZKLGgvKc/LrjofAnBlOttf5ajRvqiRA8QsenbcooctK6d6Ts6aqZXBA+XbkKthiQg=="
    },
    "mime-db": {
      "version": "1.52.0",
      "resolved": "https://registry.npmjs.org/mime-db/-/mime-db-1.52.0.tgz",
      "integrity": "sha512-sPU4uV7dYlvtWJxwwxHD0PuihVNiE7TyAbQ5SWxDCB9mUYvOgroQOwYQQOKPJ8CIbE+1ETVlOoK1UC2nU3gYvg=="
    },
    "mime-types": {
      "version": "2.1.35",
      "resolved": "https://registry.npmjs.org/mime-types/-/mime-types-2.1.35.tgz",
      "integrity": "sha512-ZDY+bPm5zTTF+YpCrAU9nK0UgICYPT0QtT1NZWFv4s++TNkcgVaT0g6+4R2uI4MjQjzysHB1zxuWL50hzaeXiw==",
      "requires": {
        "mime-db": "1.52.0"
      }
    },
    "minimatch": {
      "version": "2.0.10",
      "resolved": "https://registry.npmjs.org/minimatch/-/minimatch-2.0.10.tgz",
      "integrity": "sha512-jQo6o1qSVLEWaw3l+bwYA2X0uLuK2KjNh2wjgO7Q/9UJnXr1Q3yQKR8BI0/Bt/rPg75e6SMW4hW/6cBHVTZUjA==",
      "dev": true,
      "requires": {
        "brace-expansion": "^1.0.0"
      }
    },
    "minimist": {
      "version": "1.2.6",
      "resolved": "https://registry.npmjs.org/minimist/-/minimist-1.2.6.tgz",
      "integrity": "sha512-Jsjnk4bw3YJqYzbdyBiNsPWHPfO++UGG749Cxs6peCu5Xg4nrena6OVxOYxrQTqww0Jmwt+Ref8rggumkTLz9Q==",
      "dev": true
    },
    "mkdirp": {
      "version": "0.5.6",
      "resolved": "https://registry.npmjs.org/mkdirp/-/mkdirp-0.5.6.tgz",
      "integrity": "sha512-FP+p8RB8OWpF3YZBCrP5gtADmtXApB5AMLn+vdyA+PyxCjrCs00mjyUozssO33cwDeT3wNGdLxJ5M//YqtHAJw==",
      "dev": true,
      "requires": {
        "minimist": "^1.2.6"
      }
    },
    "mu2": {
      "version": "0.5.21",
      "resolved": "https://registry.npmjs.org/mu2/-/mu2-0.5.21.tgz",
      "integrity": "sha512-N0w5yapK+Vr4WJrZrE9pDVRxWa1SntycPBmDeFya2i54kS6VQXq8J7bYBhCNxeKvij3QfaFDDWBthLGai1Kbgw=="
    },
    "node-fetch": {
      "version": "2.6.7",
      "resolved": "https://registry.npmjs.org/node-fetch/-/node-fetch-2.6.7.tgz",
      "integrity": "sha512-ZjMPFEfVx5j+y2yF35Kzx5sF7kDzxuDj6ziH4FFbOp87zKDZNx8yExJIb05OGF4Nlt9IHFIMBkRl41VdvcNdbQ==",
      "requires": {
        "whatwg-url": "^5.0.0"
      }
    },
    "nopt": {
      "version": "3.0.6",
      "resolved": "https://registry.npmjs.org/nopt/-/nopt-3.0.6.tgz",
      "integrity": "sha512-4GUt3kSEYmk4ITxzB/b9vaIDfUVWN/Ml1Fwl11IlnIG2iaJ9O6WXZ9SrYM9NLI8OCBieN2Y8SWC2oJV0RQ7qYg==",
      "dev": true,
      "requires": {
        "abbrev": "1"
      }
    },
    "nth-check": {
      "version": "2.1.1",
      "resolved": "https://registry.npmjs.org/nth-check/-/nth-check-2.1.1.tgz",
      "integrity": "sha512-lqjrjmaOoAnWfMmBPL+XNnynZh2+swxiX3WUE0s4yEHI6m+AwrK2UZOimIRl3X/4QctVqS8AiZjFqyOGrMXb/w==",
      "requires": {
        "boolbase": "^1.0.0"
      }
    },
    "oauth-sign": {
      "version": "0.9.0",
      "resolved": "https://registry.npmjs.org/oauth-sign/-/oauth-sign-0.9.0.tgz",
      "integrity": "sha512-fexhUFFPTGV8ybAtSIGbV6gOkSv8UtRbDBnAyLQw4QPKkgNlsH2ByPGtMUqdWkos6YCRmAqViwgZrJc/mRDzZQ=="
    },
    "object-is": {
      "version": "1.1.5",
      "resolved": "https://registry.npmjs.org/object-is/-/object-is-1.1.5.tgz",
      "integrity": "sha512-3cyDsyHgtmi7I7DfSSI2LDp6SK2lwvtbg0p0R1e0RvTqF5ceGx+K2dfSjm1bKDMVCFEDAQvy+o8c6a7VujOddw==",
      "dev": true,
      "requires": {
        "call-bind": "^1.0.2",
        "define-properties": "^1.1.3"
      }
    },
    "object-keys": {
      "version": "1.1.1",
      "resolved": "https://registry.npmjs.org/object-keys/-/object-keys-1.1.1.tgz",
      "integrity": "sha512-NuAESUOUMrlIXOfHKzD6bpPu3tYt3xvjNdRIQ+FeT0lNb4K8WR70CaDxhuNguS2XG+GjkyMwOzsN5ZktImfhLA==",
      "dev": true
    },
    "once": {
      "version": "1.4.0",
      "resolved": "https://registry.npmjs.org/once/-/once-1.4.0.tgz",
      "integrity": "sha512-lNaJgI+2Q5URQBkccEKHTQOPaXdUxnZZElQTZY0MFUAuaEqe1E+Nyvgdz/aIyNi6Z9MzO5dv1H8n58/GELp3+w==",
      "dev": true,
      "requires": {
        "wrappy": "1"
      }
    },
    "parse5": {
      "version": "7.0.0",
      "resolved": "https://registry.npmjs.org/parse5/-/parse5-7.0.0.tgz",
      "integrity": "sha512-y/t8IXSPWTuRZqXc0ajH/UwDj4mnqLEbSttNbThcFhGrZuOyoyvNBO85PBp2jQa55wY9d07PBNjsK8ZP3K5U6g==",
      "requires": {
        "entities": "^4.3.0"
      }
    },
    "parse5-htmlparser2-tree-adapter": {
      "version": "7.0.0",
      "resolved": "https://registry.npmjs.org/parse5-htmlparser2-tree-adapter/-/parse5-htmlparser2-tree-adapter-7.0.0.tgz",
      "integrity": "sha512-B77tOZrqqfUfnVcOrUvfdLbz4pu4RopLD/4vmu3HUPswwTA8OH0EMW9BlWR2B0RCoiZRAHEUu7IxeP1Pd1UU+g==",
      "requires": {
        "domhandler": "^5.0.2",
        "parse5": "^7.0.0"
      }
    },
    "performance-now": {
      "version": "2.1.0",
      "resolved": "https://registry.npmjs.org/performance-now/-/performance-now-2.1.0.tgz",
      "integrity": "sha512-7EAHlyLHI56VEIdK57uwHdHKIaAGbnXPiw0yWbarQZOKaKpvUIgW0jWRVLiatnM+XXlSwsanIBH/hzGMJulMow=="
    },
    "psl": {
      "version": "1.9.0",
      "resolved": "https://registry.npmjs.org/psl/-/psl-1.9.0.tgz",
      "integrity": "sha512-E/ZsdU4HLs/68gYzgGTkMicWTLPdAftJLfJFlLUAAKZGkStNU72sZjT66SnMDVOfOWY/YAoiD7Jxa9iHvngcag=="
    },
    "punycode": {
      "version": "2.1.1",
      "resolved": "https://registry.npmjs.org/punycode/-/punycode-2.1.1.tgz",
      "integrity": "sha512-XRsRjdf+j5ml+y/6GKHPZbrF/8p2Yga0JPtdqTIY2Xe5ohJPD9saDJJLPvp9+NSBprVvevdXZybnj2cv8OEd0A=="
    },
    "qs": {
      "version": "6.5.3",
      "resolved": "https://registry.npmjs.org/qs/-/qs-6.5.3.tgz",
      "integrity": "sha512-qxXIEh4pCGfHICj1mAJQ2/2XVZkjCDTcEgfoSQxc/fYivUZxTkk7L3bDBJSoNrEzXI17oUO5Dp07ktqE5KzczA=="
    },
    "regexp.prototype.flags": {
      "version": "1.4.3",
      "resolved": "https://registry.npmjs.org/regexp.prototype.flags/-/regexp.prototype.flags-1.4.3.tgz",
      "integrity": "sha512-fjggEOO3slI6Wvgjwflkc4NFRCTZAu5CnNfBd5qOMYhWdn67nJBBu34/TkD++eeFmd8C9r9jfXJ27+nSiRkSUA==",
      "dev": true,
      "requires": {
        "call-bind": "^1.0.2",
        "define-properties": "^1.1.3",
        "functions-have-names": "^1.2.2"
      }
    },
    "request": {
      "version": "2.88.2",
      "resolved": "https://registry.npmjs.org/request/-/request-2.88.2.tgz",
      "integrity": "sha512-MsvtOrfG9ZcrOwAW+Qi+F6HbD0CWXEh9ou77uOb7FM2WPhwT7smM833PzanhJLsgXjN89Ir6V2PczXNnMpwKhw==",
      "requires": {
        "aws-sign2": "~0.7.0",
        "aws4": "^1.8.0",
        "caseless": "~0.12.0",
        "combined-stream": "~1.0.6",
        "extend": "~3.0.2",
        "forever-agent": "~0.6.1",
        "form-data": "~2.3.2",
        "har-validator": "~5.1.3",
        "http-signature": "~1.2.0",
        "is-typedarray": "~1.0.0",
        "isstream": "~0.1.2",
        "json-stringify-safe": "~5.0.1",
        "mime-types": "~2.1.19",
        "oauth-sign": "~0.9.0",
        "performance-now": "^2.1.0",
        "qs": "~6.5.2",
        "safe-buffer": "^5.1.2",
        "tough-cookie": "~2.5.0",
        "tunnel-agent": "^0.6.0",
        "uuid": "^3.3.2"
      }
    },
    "resolve": {
      "version": "0.2.8",
      "resolved": "https://registry.npmjs.org/resolve/-/resolve-0.2.8.tgz",
      "integrity": "sha512-/u93d172yGtNlqM9641bKSdPmgaJ/X9TiD/7Mrb3DtrZ/CAvfNEXAdRABvayxLst7GGWMKkD0oGFQvwn0exevg==",
      "dev": true
    },
    "runforcover": {
      "version": "0.0.2",
      "resolved": "https://registry.npmjs.org/runforcover/-/runforcover-0.0.2.tgz",
      "integrity": "sha512-yarCIK2HcAOadqnKW419+FA38qpWDCKcOr5RZU+jnyLL/hn3No9BHZY+YJDEzvQ0k8Oyl7ffLjZv9ZUxvyKoLQ==",
      "dev": true,
      "requires": {
        "bunker": "0.1.X"
      }
    },
    "safe-buffer": {
      "version": "5.2.1",
      "resolved": "https://registry.npmjs.org/safe-buffer/-/safe-buffer-5.2.1.tgz",
      "integrity": "sha512-rp3So07KcdmmKbGvgaNxQSJr7bGVSVk5S9Eq1F+ppbRo70+YeaDxkw5Dd8NPN+GD6bjnYm2VuPuCXmpuYvmCXQ=="
    },
    "safer-buffer": {
      "version": "2.1.2",
      "resolved": "https://registry.npmjs.org/safer-buffer/-/safer-buffer-2.1.2.tgz",
      "integrity": "sha512-YZo3K82SD7Riyi0E1EQPojLz7kpepnSQI9IyPbHHg1XXXevb5dJI7tpyN2ADxGcQbHG7vcyRHk0cbwqcQriUtg=="
    },
    "slick": {
      "version": "1.12.2",
      "resolved": "https://registry.npmjs.org/slick/-/slick-1.12.2.tgz",
      "integrity": "sha512-4qdtOGcBjral6YIBCWJ0ljFSKNLz9KkhbWtuGvUyRowl1kxfuE1x/Z/aJcaiilpb3do9bl5K7/1h9XC5wWpY/A=="
    },
    "slide": {
      "version": "1.1.6",
      "resolved": "https://registry.npmjs.org/slide/-/slide-1.1.6.tgz",
      "integrity": "sha512-NwrtjCg+lZoqhFU8fOwl4ay2ei8PaqCBOUV3/ektPY9trO1yQ1oXEfmHAhKArUVUr/hOHvy5f6AdP17dCM0zMw==",
      "dev": true
    },
    "sshpk": {
      "version": "1.17.0",
      "resolved": "https://registry.npmjs.org/sshpk/-/sshpk-1.17.0.tgz",
      "integrity": "sha512-/9HIEs1ZXGhSPE8X6Ccm7Nam1z8KcoCqPdI7ecm1N33EzAetWahvQWVqLZtaZQ+IDKX4IyA2o0gBzqIMkAagHQ==",
      "requires": {
        "asn1": "~0.2.3",
        "assert-plus": "^1.0.0",
        "bcrypt-pbkdf": "^1.0.0",
        "dashdash": "^1.12.0",
        "ecc-jsbn": "~0.1.1",
        "getpass": "^0.1.1",
        "jsbn": "~0.1.0",
        "safer-buffer": "^2.0.2",
        "tweetnacl": "~0.14.0"
      }
    },
    "syntax-error": {
      "version": "0.0.1",
      "resolved": "https://registry.npmjs.org/syntax-error/-/syntax-error-0.0.1.tgz",
      "integrity": "sha512-Pg2FzUaDR1Zlkl5ol+6LGAES7PjqcvfUpa2OKZZhww4VrRyjZyU2v+4C0dcYfhwNl2FMaZW9mXHzX0kS9x3xXw==",
      "dev": true,
      "requires": {
        "esprima": "~0.9.9"
      }
    },
    "tap": {
      "version": "0.7.1",
      "resolved": "https://registry.npmjs.org/tap/-/tap-0.7.1.tgz",
      "integrity": "sha512-Dh7fyYFJzj9VZP/Oa79kFWeq2KxPwjCNHNWc0mXJTqUq7PKLrhg7d/mR748Bty9TKHsbMxpFLHn1YJZVjxJaug==",
      "dev": true,
      "requires": {
        "buffer-equal": "~0.0.0",
        "deep-equal": "^1.0.0",
        "difflet": "~0.2.0",
        "glob": "^4.3.5",
        "inherits": "*",
        "mkdirp": "^0.5.0",
        "nopt": "^3.0.1",
        "runforcover": "~0.0.2",
        "slide": "*",
        "yamlish": "*"
      }
    },
    "tough-cookie": {
      "version": "2.5.0",
      "resolved": "https://registry.npmjs.org/tough-cookie/-/tough-cookie-2.5.0.tgz",
      "integrity": "sha512-nlLsUzgm1kfLXSXfRZMc1KLAugd4hqJHDTvc2hDIwS3mZAfMEuMbc03SujMF+GEcpaX/qboeycw6iO8JwVv2+g==",
      "requires": {
        "psl": "^1.1.28",
        "punycode": "^2.1.1"
      }
    },
    "tr46": {
      "version": "0.0.3",
      "resolved": "https://registry.npmjs.org/tr46/-/tr46-0.0.3.tgz",
      "integrity": "sha512-N3WMsuqV66lT30CrXNbEjx4GEwlow3v6rr4mCcv6prnfwhS01rkgyFdjPNBYd9br7LpXV1+Emh01fHnq2Gdgrw=="
    },
    "traverse": {
      "version": "0.6.6",
      "resolved": "https://registry.npmjs.org/traverse/-/traverse-0.6.6.tgz",
      "integrity": "sha512-kdf4JKs8lbARxWdp7RKdNzoJBhGUcIalSYibuGyHJbmk40pOysQ0+QPvlkCOICOivDWU2IJo2rkrxyTK2AH4fw==",
      "dev": true
    },
    "tunnel-agent": {
      "version": "0.6.0",
      "resolved": "https://registry.npmjs.org/tunnel-agent/-/tunnel-agent-0.6.0.tgz",
      "integrity": "sha512-McnNiV1l8RYeY8tBgEpuodCC1mLUdbSN+CYBL7kJsJNInOP8UjDDEwdk6Mw60vdLLrr5NHKZhMAOSrR2NZuQ+w==",
      "requires": {
        "safe-buffer": "^5.0.1"
      }
    },
    "tweetnacl": {
      "version": "0.14.5",
      "resolved": "https://registry.npmjs.org/tweetnacl/-/tweetnacl-0.14.5.tgz",
      "integrity": "sha512-KXXFFdAbFXY4geFIwoyNK+f5Z1b7swfXABfL7HXCmoIWMKU3dmS26672A4EeQtDzLKy7SXmfBu51JolvEKwtGA=="
    },
    "uglify-js": {
      "version": "1.1.1",
      "resolved": "https://registry.npmjs.org/uglify-js/-/uglify-js-1.1.1.tgz",
      "integrity": "sha512-YYY9Dle1leC+btgrHnAR05eq0aRdcPJsXlYYD+SYw2lqc5HFuFNHg3wWEW4SNE0iXXEUl0fz43gTQ3r1YK76rg==",
      "dev": true
    },
    "underscore": {
      "version": "1.13.4",
      "resolved": "https://registry.npmjs.org/underscore/-/underscore-1.13.4.tgz",
      "integrity": "sha512-BQFnUDuAQ4Yf/cYY5LNrK9NCJFKriaRbD9uR1fTeXnBeoa97W0i41qkZfGO9pSo8I5KzjAcSY2XYtdf0oKd7KQ=="
    },
    "uri-js": {
      "version": "4.4.1",
      "resolved": "https://registry.npmjs.org/uri-js/-/uri-js-4.4.1.tgz",
      "integrity": "sha512-7rKUyy33Q1yc98pQ1DAmLtwX109F7TIfWlW1Ydo8Wl1ii1SeHieeh0HHfPeL2fMXK6z0s8ecKs9frCuLJvndBg==",
      "requires": {
        "punycode": "^2.1.0"
      }
    },
    "uuid": {
      "version": "3.4.0",
      "resolved": "https://registry.npmjs.org/uuid/-/uuid-3.4.0.tgz",
      "integrity": "sha512-HjSDRw6gZE5JMggctHBcjVak08+KEVhSIiDzFnT9S9aegmp85S/bReBVTb4QTFaRNptJ9kuYaNhnbNEOkbKb/A=="
    },
    "valid-data-url": {
      "version": "3.0.1",
      "resolved": "https://registry.npmjs.org/valid-data-url/-/valid-data-url-3.0.1.tgz",
      "integrity": "sha512-jOWVmzVceKlVVdwjNSenT4PbGghU0SBIizAev8ofZVgivk/TVHXSbNL8LP6M3spZvkR9/QolkyJavGSX5Cs0UA=="
    },
    "verror": {
      "version": "1.10.0",
      "resolved": "https://registry.npmjs.org/verror/-/verror-1.10.0.tgz",
      "integrity": "sha512-ZZKSmDAEFOijERBLkmYfJ+vmk3w+7hOLYDNkRCuRuMJGEmqYNCNLyBBFwWKVMhfwaEF3WOd0Zlw86U/WC/+nYw==",
      "requires": {
        "assert-plus": "^1.0.0",
        "core-util-is": "1.0.2",
        "extsprintf": "^1.2.0"
      }
    },
    "web-resource-inliner": {
      "version": "5.0.0",
      "resolved": "https://registry.npmjs.org/web-resource-inliner/-/web-resource-inliner-5.0.0.tgz",
      "integrity": "sha512-AIihwH+ZmdHfkJm7BjSXiEClVt4zUFqX4YlFAzjL13wLtDuUneSaFvDBTbdYRecs35SiU7iNKbMnN+++wVfb6A==",
      "requires": {
        "ansi-colors": "^4.1.1",
        "escape-goat": "^3.0.0",
        "htmlparser2": "^4.0.0",
        "mime": "^2.4.6",
        "node-fetch": "^2.6.0",
        "valid-data-url": "^3.0.0"
      },
      "dependencies": {
        "dom-serializer": {
          "version": "1.4.1",
          "resolved": "https://registry.npmjs.org/dom-serializer/-/dom-serializer-1.4.1.tgz",
          "integrity": "sha512-VHwB3KfrcOOkelEG2ZOfxqLZdfkil8PtJi4P8N2MMXucZq2yLp75ClViUlOVwyoHEDjYU433Aq+5zWP61+RGag==",
          "requires": {
            "domelementtype": "^2.0.1",
            "domhandler": "^4.2.0",
            "entities": "^2.0.0"
          },
          "dependencies": {
            "domhandler": {
              "version": "4.3.1",
              "resolved": "https://registry.npmjs.org/domhandler/-/domhandler-4.3.1.tgz",
              "integrity": "sha512-GrwoxYN+uWlzO8uhUXRl0P+kHE4GtVPfYzVLcUxPL7KNdHKj66vvlhiweIHqYYXWlw+T8iLMp42Lm67ghw4WMQ==",
              "requires": {
                "domelementtype": "^2.2.0"
              }
            }
          }
        },
        "domhandler": {
          "version": "3.3.0",
          "resolved": "https://registry.npmjs.org/domhandler/-/domhandler-3.3.0.tgz",
          "integrity": "sha512-J1C5rIANUbuYK+FuFL98650rihynUOEzRLxW+90bKZRWB6A1X1Tf82GxR1qAWLyfNPRvjqfip3Q5tdYlmAa9lA==",
          "requires": {
            "domelementtype": "^2.0.1"
          }
        },
        "domutils": {
          "version": "2.8.0",
          "resolved": "https://registry.npmjs.org/domutils/-/domutils-2.8.0.tgz",
          "integrity": "sha512-w96Cjofp72M5IIhpjgobBimYEfoPjx1Vx0BSX9P30WBdZW2WIKU0T1Bd0kz2eNZ9ikjKgHbEyKx8BB6H1L3h3A==",
          "requires": {
            "dom-serializer": "^1.0.1",
            "domelementtype": "^2.2.0",
            "domhandler": "^4.2.0"
          },
          "dependencies": {
            "domhandler": {
              "version": "4.3.1",
              "resolved": "https://registry.npmjs.org/domhandler/-/domhandler-4.3.1.tgz",
              "integrity": "sha512-GrwoxYN+uWlzO8uhUXRl0P+kHE4GtVPfYzVLcUxPL7KNdHKj66vvlhiweIHqYYXWlw+T8iLMp42Lm67ghw4WMQ==",
              "requires": {
                "domelementtype": "^2.2.0"
              }
            }
          }
        },
        "entities": {
          "version": "2.2.0",
          "resolved": "https://registry.npmjs.org/entities/-/entities-2.2.0.tgz",
          "integrity": "sha512-p92if5Nz619I0w+akJrLZH0MX0Pb5DX39XOwQTtXSdQQOaYH03S1uIQp4mhOZtAXrxq4ViO67YTiLBo2638o9A=="
        },
        "htmlparser2": {
          "version": "4.1.0",
          "resolved": "https://registry.npmjs.org/htmlparser2/-/htmlparser2-4.1.0.tgz",
          "integrity": "sha512-4zDq1a1zhE4gQso/c5LP1OtrhYTncXNSpvJYtWJBtXAETPlMfi3IFNjGuQbYLuVY4ZR0QMqRVvo4Pdy9KLyP8Q==",
          "requires": {
            "domelementtype": "^2.0.1",
            "domhandler": "^3.0.0",
            "domutils": "^2.0.0",
            "entities": "^2.0.0"
          }
        }
      }
    },
    "webidl-conversions": {
      "version": "3.0.1",
      "resolved": "https://registry.npmjs.org/webidl-conversions/-/webidl-conversions-3.0.1.tgz",
      "integrity": "sha512-2JAn3z8AR6rjK8Sm8orRC0h/bcl/DqL7tRPdGZ4I1CjdF+EaMLmYxBHyXuKL849eucPFhvBoxMsflfOb8kxaeQ=="
    },
    "whatwg-url": {
      "version": "5.0.0",
      "resolved": "https://registry.npmjs.org/whatwg-url/-/whatwg-url-5.0.0.tgz",
      "integrity": "sha512-saE57nupxk6v3HY35+jzBwYa0rKSy0XR8JSxZPwgLr7ys0IBzhGviA1/TUGJLmSVqs8pb9AnvICXEuOHLprYTw==",
      "requires": {
        "tr46": "~0.0.3",
        "webidl-conversions": "^3.0.0"
      }
    },
    "wrappy": {
      "version": "1.0.2",
      "resolved": "https://registry.npmjs.org/wrappy/-/wrappy-1.0.2.tgz",
      "integrity": "sha512-l4Sp/DRseor9wL6EvV2+TuQn63dMkPjZ/sp9XkghTEbV9KlPS1xUsZ3u7/IQO4wxtcFB4bgpQPRcR3QCvezPcQ==",
      "dev": true
    },
    "yamlish": {
      "version": "0.0.7",
      "resolved": "https://registry.npmjs.org/yamlish/-/yamlish-0.0.7.tgz",
      "integrity": "sha512-MfSpIJj5Hmm0Yz788MEW1NWfdOhZR/O0WPrdiUeWBKTtCNm0jZwMJZhScqveQoE6CvUoXOQBs5/1I/nC6Sbj/w==",
      "dev": true
    }
  }
}
